
Microsoft Visual Studio Solution File, Format Version 12.00
# Visual Studio 15
VisualStudioVersion = 15.0.26730.12
MinimumVisualStudioVersion = 10.0.40219.1
Project("{FAE04EC0-301F-11D3-BF4B-00C04F79EFBC}") = "CapstoneProject.Net", "CapstoneProject.Net\CapstoneProject.Net.csproj", "{6080AFEB-12DD-4E0F-849C-3F9495A4307D}"
EndProject
Global
	GlobalSection(SolutionConfigurationPlatforms) = preSolution
		Debug|Any CPU = Debug|Any CPU
		Release|Any CPU = Release|Any CPU
	EndGlobalSection
	GlobalSection(ProjectConfigurationPlatforms) = postSolution
		{6080AFEB-12DD-4E0F-849C-3F9495A4307D}.Debug|Any CPU.ActiveCfg = Debug|Any CPU
		{6080AFEB-12DD-4E0F-849C-3F9495A4307D}.Debug|Any CPU.Build.0 = Debug|Any CPU
		{6080AFEB-12DD-4E0F-849C-3F9495A4307D}.Release|Any CPU.ActiveCfg = Release|Any CPU
		{6080AFEB-12DD-4E0F-849C-3F9495A4307D}.Release|Any CPU.Build.0 = Release|Any CPU
	EndGlobalSection
	GlobalSection(SolutionProperties) = preSolution
		HideSolutionNode = FALSE
	EndGlobalSection
	GlobalSection(ExtensibilityGlobals) = postSolution
		SolutionGuid = {72D5442A-851D-47B9-9ADD-58A7B200EA20}
	EndGlobalSection
EndGlobal
